
Microsoft Visual Studio Solution File, Format Version 12.00
# Visual Studio Version 17
VisualStudioVersion = 17.7.34221.43
MinimumVisualStudioVersion = 10.0.40219.1
Project("{FAE04EC0-301F-11D3-BF4B-00C04F79EFBC}") = "01. Reverse Strings", "01. Reverse Strings\01. Reverse Strings.csproj", "{27643060-D2A0-4387-8119-E3C9890DCBAB}"
EndProject
Project("{FAE04EC0-301F-11D3-BF4B-00C04F79EFBC}") = "02. Repeat Strings", "02. Repeat Strings\02. Repeat Strings.csproj", "{F74CACBC-F960-46D6-931D-00A1D8D761AD}"
EndProject
Project("{FAE04EC0-301F-11D3-BF4B-00C04F79EFBC}") = "03. Substring", "03. Substring\03. Substring.csproj", "{8EF0F844-951B-46AB-9D64-E6CDF05ED86F}"
EndProject
Project("{FAE04EC0-301F-11D3-BF4B-00C04F79EFBC}") = "04. Text Filter", "04. Text Filter\04. Text Filter.csproj", "{12250722-984D-4812-B839-DBA2739DF621}"
EndProject
Project("{FAE04EC0-301F-11D3-BF4B-00C04F79EFBC}") = "05. Digits, Letters and Other", "05. Digits, Letters and Other\05. Digits, Letters and Other.csproj", "{231B51B7-5B2C-464C-A68B-4D76B8C5ACA6}"
EndProject
Global
	GlobalSection(SolutionConfigurationPlatforms) = preSolution
		Debug|Any CPU = Debug|Any CPU
		Release|Any CPU = Release|Any CPU
	EndGlobalSection
	GlobalSection(ProjectConfigurationPlatforms) = postSolution
		{27643060-D2A0-4387-8119-E3C9890DCBAB}.Debug|Any CPU.ActiveCfg = Debug|Any CPU
		{27643060-D2A0-4387-8119-E3C9890DCBAB}.Debug|Any CPU.Build.0 = Debug|Any CPU
		{27643060-D2A0-4387-8119-E3C9890DCBAB}.Release|Any CPU.ActiveCfg = Release|Any CPU
		{27643060-D2A0-4387-8119-E3C9890DCBAB}.Release|Any CPU.Build.0 = Release|Any CPU
		{F74CACBC-F960-46D6-931D-00A1D8D761AD}.Debug|Any CPU.ActiveCfg = Debug|Any CPU
		{F74CACBC-F960-46D6-931D-00A1D8D761AD}.Debug|Any CPU.Build.0 = Debug|Any CPU
		{F74CACBC-F960-46D6-931D-00A1D8D761AD}.Release|Any CPU.ActiveCfg = Release|Any CPU
		{F74CACBC-F960-46D6-931D-00A1D8D761AD}.Release|Any CPU.Build.0 = Release|Any CPU
		{8EF0F844-951B-46AB-9D64-E6CDF05ED86F}.Debug|Any CPU.ActiveCfg = Debug|Any CPU
		{8EF0F844-951B-46AB-9D64-E6CDF05ED86F}.Debug|Any CPU.Build.0 = Debug|Any CPU
		{8EF0F844-951B-46AB-9D64-E6CDF05ED86F}.Release|Any CPU.ActiveCfg = Release|Any CPU
		{8EF0F844-951B-46AB-9D64-E6CDF05ED86F}.Release|Any CPU.Build.0 = Release|Any CPU
		{12250722-984D-4812-B839-DBA2739DF621}.Debug|Any CPU.ActiveCfg = Debug|Any CPU
		{12250722-984D-4812-B839-DBA2739DF621}.Debug|Any CPU.Build.0 = Debug|Any CPU
		{12250722-984D-4812-B839-DBA2739DF621}.Release|Any CPU.ActiveCfg = Release|Any CPU
		{12250722-984D-4812-B839-DBA2739DF621}.Release|Any CPU.Build.0 = Release|Any CPU
		{231B51B7-5B2C-464C-A68B-4D76B8C5ACA6}.Debug|Any CPU.ActiveCfg = Debug|Any CPU
		{231B51B7-5B2C-464C-A68B-4D76B8C5ACA6}.Debug|Any CPU.Build.0 = Debug|Any CPU
		{231B51B7-5B2C-464C-A68B-4D76B8C5ACA6}.Release|Any CPU.ActiveCfg = Release|Any CPU
		{231B51B7-5B2C-464C-A68B-4D76B8C5ACA6}.Release|Any CPU.Build.0 = Release|Any CPU
	EndGlobalSection
	GlobalSection(SolutionProperties) = preSolution
		HideSolutionNode = FALSE
	EndGlobalSection
	GlobalSection(ExtensibilityGlobals) = postSolution
		SolutionGuid = {46D3128E-AF01-4E82-8CF1-A7317B3A88C4}
	EndGlobalSection
EndGlobal
