
Microsoft Visual Studio Solution File, Format Version 12.00
# Visual Studio Version 17
VisualStudioVersion = 17.7.34202.233
MinimumVisualStudioVersion = 10.0.40219.1
Project("{FAE04EC0-301F-11D3-BF4B-00C04F79EFBC}") = "01.", "01\01..csproj", "{56B286BF-AF7B-4627-A32D-709BD77221E4}"
EndProject
Project("{FAE04EC0-301F-11D3-BF4B-00C04F79EFBC}") = "02.", "02\02..csproj", "{53A32462-EC82-470C-A860-D0E00CBAAEE8}"
EndProject
Project("{FAE04EC0-301F-11D3-BF4B-00C04F79EFBC}") = "03.", "03\03..csproj", "{F85B5EB2-9AF4-46BD-8318-F7B201BCAA67}"
EndProject
Global
	GlobalSection(SolutionConfigurationPlatforms) = preSolution
		Debug|Any CPU = Debug|Any CPU
		Release|Any CPU = Release|Any CPU
	EndGlobalSection
	GlobalSection(ProjectConfigurationPlatforms) = postSolution
		{56B286BF-AF7B-4627-A32D-709BD77221E4}.Debug|Any CPU.ActiveCfg = Debug|Any CPU
		{56B286BF-AF7B-4627-A32D-709BD77221E4}.Debug|Any CPU.Build.0 = Debug|Any CPU
		{56B286BF-AF7B-4627-A32D-709BD77221E4}.Release|Any CPU.ActiveCfg = Release|Any CPU
		{56B286BF-AF7B-4627-A32D-709BD77221E4}.Release|Any CPU.Build.0 = Release|Any CPU
		{53A32462-EC82-470C-A860-D0E00CBAAEE8}.Debug|Any CPU.ActiveCfg = Debug|Any CPU
		{53A32462-EC82-470C-A860-D0E00CBAAEE8}.Debug|Any CPU.Build.0 = Debug|Any CPU
		{53A32462-EC82-470C-A860-D0E00CBAAEE8}.Release|Any CPU.ActiveCfg = Release|Any CPU
		{53A32462-EC82-470C-A860-D0E00CBAAEE8}.Release|Any CPU.Build.0 = Release|Any CPU
		{F85B5EB2-9AF4-46BD-8318-F7B201BCAA67}.Debug|Any CPU.ActiveCfg = Debug|Any CPU
		{F85B5EB2-9AF4-46BD-8318-F7B201BCAA67}.Debug|Any CPU.Build.0 = Debug|Any CPU
		{F85B5EB2-9AF4-46BD-8318-F7B201BCAA67}.Release|Any CPU.ActiveCfg = Release|Any CPU
		{F85B5EB2-9AF4-46BD-8318-F7B201BCAA67}.Release|Any CPU.Build.0 = Release|Any CPU
	EndGlobalSection
	GlobalSection(SolutionProperties) = preSolution
		HideSolutionNode = FALSE
	EndGlobalSection
	GlobalSection(ExtensibilityGlobals) = postSolution
		SolutionGuid = {66F47A1D-FC46-4B82-ACAA-E13D7F3DABA8}
	EndGlobalSection
EndGlobal
