
Microsoft Visual Studio Solution File, Format Version 12.00
# Visual Studio Version 17
VisualStudioVersion = 17.7.34221.43
MinimumVisualStudioVersion = 10.0.40219.1
Project("{FAE04EC0-301F-11D3-BF4B-00C04F79EFBC}") = "01.Problem", "01.Problem\01.Problem.csproj", "{FE348609-1E16-408D-9B51-EBB430CBEF8C}"
EndProject
Project("{FAE04EC0-301F-11D3-BF4B-00C04F79EFBC}") = "02.Problem", "02.Problem\02.Problem.csproj", "{7F168E98-64E6-4CEB-8243-EE276A451792}"
EndProject
Project("{FAE04EC0-301F-11D3-BF4B-00C04F79EFBC}") = "03.Problem", "03.Problem\03.Problem.csproj", "{F96DAC57-ACFF-4E19-AB19-472EDC1B9A94}"
EndProject
Global
	GlobalSection(SolutionConfigurationPlatforms) = preSolution
		Debug|Any CPU = Debug|Any CPU
		Release|Any CPU = Release|Any CPU
	EndGlobalSection
	GlobalSection(ProjectConfigurationPlatforms) = postSolution
		{FE348609-1E16-408D-9B51-EBB430CBEF8C}.Debug|Any CPU.ActiveCfg = Debug|Any CPU
		{FE348609-1E16-408D-9B51-EBB430CBEF8C}.Debug|Any CPU.Build.0 = Debug|Any CPU
		{FE348609-1E16-408D-9B51-EBB430CBEF8C}.Release|Any CPU.ActiveCfg = Release|Any CPU
		{FE348609-1E16-408D-9B51-EBB430CBEF8C}.Release|Any CPU.Build.0 = Release|Any CPU
		{7F168E98-64E6-4CEB-8243-EE276A451792}.Debug|Any CPU.ActiveCfg = Debug|Any CPU
		{7F168E98-64E6-4CEB-8243-EE276A451792}.Debug|Any CPU.Build.0 = Debug|Any CPU
		{7F168E98-64E6-4CEB-8243-EE276A451792}.Release|Any CPU.ActiveCfg = Release|Any CPU
		{7F168E98-64E6-4CEB-8243-EE276A451792}.Release|Any CPU.Build.0 = Release|Any CPU
		{F96DAC57-ACFF-4E19-AB19-472EDC1B9A94}.Debug|Any CPU.ActiveCfg = Debug|Any CPU
		{F96DAC57-ACFF-4E19-AB19-472EDC1B9A94}.Debug|Any CPU.Build.0 = Debug|Any CPU
		{F96DAC57-ACFF-4E19-AB19-472EDC1B9A94}.Release|Any CPU.ActiveCfg = Release|Any CPU
		{F96DAC57-ACFF-4E19-AB19-472EDC1B9A94}.Release|Any CPU.Build.0 = Release|Any CPU
	EndGlobalSection
	GlobalSection(SolutionProperties) = preSolution
		HideSolutionNode = FALSE
	EndGlobalSection
	GlobalSection(ExtensibilityGlobals) = postSolution
		SolutionGuid = {C15175C8-E02E-48B4-B4E8-62B1F3AD1A59}
	EndGlobalSection
EndGlobal
