
Microsoft Visual Studio Solution File, Format Version 12.00
# Visual Studio Version 17
VisualStudioVersion = 17.7.34221.43
MinimumVisualStudioVersion = 10.0.40219.1
Project("{FAE04EC0-301F-11D3-BF4B-00C04F79EFBC}") = "demo", "demo\demo.csproj", "{6FF60AF6-E796-430B-B6F1-057BDDEE6347}"
EndProject
Global
	GlobalSection(SolutionConfigurationPlatforms) = preSolution
		Debug|Any CPU = Debug|Any CPU
		Release|Any CPU = Release|Any CPU
	EndGlobalSection
	GlobalSection(ProjectConfigurationPlatforms) = postSolution
		{6FF60AF6-E796-430B-B6F1-057BDDEE6347}.Debug|Any CPU.ActiveCfg = Debug|Any CPU
		{6FF60AF6-E796-430B-B6F1-057BDDEE6347}.Debug|Any CPU.Build.0 = Debug|Any CPU
		{6FF60AF6-E796-430B-B6F1-057BDDEE6347}.Release|Any CPU.ActiveCfg = Release|Any CPU
		{6FF60AF6-E796-430B-B6F1-057BDDEE6347}.Release|Any CPU.Build.0 = Release|Any CPU
	EndGlobalSection
	GlobalSection(SolutionProperties) = preSolution
		HideSolutionNode = FALSE
	EndGlobalSection
	GlobalSection(ExtensibilityGlobals) = postSolution
		SolutionGuid = {4CCF79C9-CBCB-4693-949D-CE8D1C26332D}
	EndGlobalSection
EndGlobal
