
Microsoft Visual Studio Solution File, Format Version 12.00
# Visual Studio Version 17
VisualStudioVersion = 17.7.34221.43
MinimumVisualStudioVersion = 10.0.40219.1
Project("{9A19103F-16F7-4668-BE54-9A1E7A4F7556}") = "01. Password Reset", "04. Programming Fundamentals Final Exam\01. Password Reset.csproj", "{0334B7FF-8961-4228-BCCA-5E4EB75E0295}"
EndProject
Project("{9A19103F-16F7-4668-BE54-9A1E7A4F7556}") = "02. Fancy Barcodes", "02. Fancy Barcodes\02. Fancy Barcodes.csproj", "{995F9B46-4E66-4AD4-9C01-A677A73D53FF}"
EndProject
Project("{FAE04EC0-301F-11D3-BF4B-00C04F79EFBC}") = "01. World Tour", "01. World Tour\01. World Tour.csproj", "{46D99325-51DC-45F1-9E97-15D0AD95C297}"
EndProject
Project("{FAE04EC0-301F-11D3-BF4B-00C04F79EFBC}") = "03. Plant Discovery", "03. Plant Discovery\03. Plant Discovery.csproj", "{39FE73B9-C8A2-4989-A10A-C68E746A1D1B}"
EndProject
Project("{FAE04EC0-301F-11D3-BF4B-00C04F79EFBC}") = "02. Emoji Detector", "02. Emoji Detector\02. Emoji Detector.csproj", "{9C9C30CC-2B7C-4E77-8728-D890E9A46953}"
EndProject
Global
	GlobalSection(SolutionConfigurationPlatforms) = preSolution
		Debug|Any CPU = Debug|Any CPU
		Release|Any CPU = Release|Any CPU
	EndGlobalSection
	GlobalSection(ProjectConfigurationPlatforms) = postSolution
		{0334B7FF-8961-4228-BCCA-5E4EB75E0295}.Debug|Any CPU.ActiveCfg = Debug|Any CPU
		{0334B7FF-8961-4228-BCCA-5E4EB75E0295}.Debug|Any CPU.Build.0 = Debug|Any CPU
		{0334B7FF-8961-4228-BCCA-5E4EB75E0295}.Release|Any CPU.ActiveCfg = Release|Any CPU
		{0334B7FF-8961-4228-BCCA-5E4EB75E0295}.Release|Any CPU.Build.0 = Release|Any CPU
		{995F9B46-4E66-4AD4-9C01-A677A73D53FF}.Debug|Any CPU.ActiveCfg = Debug|Any CPU
		{995F9B46-4E66-4AD4-9C01-A677A73D53FF}.Debug|Any CPU.Build.0 = Debug|Any CPU
		{995F9B46-4E66-4AD4-9C01-A677A73D53FF}.Release|Any CPU.ActiveCfg = Release|Any CPU
		{995F9B46-4E66-4AD4-9C01-A677A73D53FF}.Release|Any CPU.Build.0 = Release|Any CPU
		{46D99325-51DC-45F1-9E97-15D0AD95C297}.Debug|Any CPU.ActiveCfg = Debug|Any CPU
		{46D99325-51DC-45F1-9E97-15D0AD95C297}.Debug|Any CPU.Build.0 = Debug|Any CPU
		{46D99325-51DC-45F1-9E97-15D0AD95C297}.Release|Any CPU.ActiveCfg = Release|Any CPU
		{46D99325-51DC-45F1-9E97-15D0AD95C297}.Release|Any CPU.Build.0 = Release|Any CPU
		{39FE73B9-C8A2-4989-A10A-C68E746A1D1B}.Debug|Any CPU.ActiveCfg = Debug|Any CPU
		{39FE73B9-C8A2-4989-A10A-C68E746A1D1B}.Debug|Any CPU.Build.0 = Debug|Any CPU
		{39FE73B9-C8A2-4989-A10A-C68E746A1D1B}.Release|Any CPU.ActiveCfg = Release|Any CPU
		{39FE73B9-C8A2-4989-A10A-C68E746A1D1B}.Release|Any CPU.Build.0 = Release|Any CPU
		{9C9C30CC-2B7C-4E77-8728-D890E9A46953}.Debug|Any CPU.ActiveCfg = Debug|Any CPU
		{9C9C30CC-2B7C-4E77-8728-D890E9A46953}.Debug|Any CPU.Build.0 = Debug|Any CPU
		{9C9C30CC-2B7C-4E77-8728-D890E9A46953}.Release|Any CPU.ActiveCfg = Release|Any CPU
		{9C9C30CC-2B7C-4E77-8728-D890E9A46953}.Release|Any CPU.Build.0 = Release|Any CPU
	EndGlobalSection
	GlobalSection(SolutionProperties) = preSolution
		HideSolutionNode = FALSE
	EndGlobalSection
	GlobalSection(ExtensibilityGlobals) = postSolution
		SolutionGuid = {AE2DEC83-893A-4330-A4D3-F70B37B8D5A1}
	EndGlobalSection
EndGlobal
